// !$*UTF8*$!
{
	archiveVersion = 1;
	classes = {
	};
	objectVersion = 77;
	objects = {

/* Begin PBXBuildFile section */
		0812DFB0A2BF5713E4152A70 /* CosmeticsStore.swift in Sources */ = {isa = PBXBuildFile; fileRef = 6ABC1D336958A957F66B201E /* CosmeticsStore.swift */; };
		1C03E066B2D47F5763AC7AAF /* SoundManager.swift in Sources */ = {isa = PBXBuildFile; fileRef = 4004408499B751AFCEEFF955 /* SoundManager.swift */; };
		22495C03B7E9D57792FC2659 /* GameModel.swift in Sources */ = {isa = PBXBuildFile; fileRef = A41DDE36C3A5E46BA85D5578 /* GameModel.swift */; };
		2463C17FE7820119872350D6 /* NotificationManager.swift in Sources */ = {isa = PBXBuildFile; fileRef = 7B2B5E54D4027A3170AF93C6 /* NotificationManager.swift */; };
		3874283E9BF9188B2B46A617 /* DataMigration.swift in Sources */ = {isa = PBXBuildFile; fileRef = 3B17DD68C79088619B3469EB /* DataMigration.swift */; };
		3EBAA50613F7CA25FCFC132B /* Progression.swift in Sources */ = {isa = PBXBuildFile; fileRef = 8DEE69FA2CB4882A3BF24C6C /* Progression.swift */; };
		4B496A09586755DD481D6B26 /* LaunchScreenView.swift in Sources */ = {isa = PBXBuildFile; fileRef = 6B7FAF78D3FC31EEC09AF447 /* LaunchScreenView.swift */; };
		55BF02CB5B5582E9AFD5E6AA /* TileTheme.swift in Sources */ = {isa = PBXBuildFile; fileRef = 11D8723C6EBA8B8172AB67D3 /* TileTheme.swift */; };
		58E8A642B2F1780A790EE1DE /* Analytics.swift in Sources */ = {isa = PBXBuildFile; fileRef = 9BCA92EFAF6939161B4B302F /* Analytics.swift */; };
		5B18D208B632B208AE066CA8 /* GameCenterManager.swift in Sources */ = {isa = PBXBuildFile; fileRef = 58CFDE30095075626DBA2E44 /* GameCenterManager.swift */; };
		69EF15952BB6BD740E3D891F /* LexisWidgetBundle.swift in Sources */ = {isa = PBXBuildFile; fileRef = 3447805539796661F1B3F20A /* LexisWidgetBundle.swift */; };
		70CAE3FDE04E34330C8ED776 /* LexisApp.swift in Sources */ = {isa = PBXBuildFile; fileRef = 4CA2BF68BF21D62FEBD3C7C6 /* LexisApp.swift */; };
		81C4F39B56615A5FC9476A29 /* LexisWidget.swift in Sources */ = {isa = PBXBuildFile; fileRef = 6A3E643DB65640DCA73650FD /* LexisWidget.swift */; };
		9B6B869A9BB3C359D5F9DCF4 /* SettingsView.swift in Sources */ = {isa = PBXBuildFile; fileRef = 91BD40CA77F62987EA453C39 /* SettingsView.swift */; };
		9D504596787970F1993B9EB9 /* Assets.xcassets in Resources */ = {isa = PBXBuildFile; fileRef = C1397824B81287256A25848F /* Assets.xcassets */; };
		A25D96B0B34FD628BED9BACE /* DailyChallengeManager.swift in Sources */ = {isa = PBXBuildFile; fileRef = 35C0ABE9427A5200D82F6C97 /* DailyChallengeManager.swift */; };
		A4B7F5F01DFF8A232E4C5EE1 /* GameView.swift in Sources */ = {isa = PBXBuildFile; fileRef = 9BB923545BDA3934E8D366F7 /* GameView.swift */; };
		AA63142E2878FE3249667222 /* lexis_dictionary.txt in Resources */ = {isa = PBXBuildFile; fileRef = A7E6663358510107CC9386D8 /* lexis_dictionary.txt */; };
		AAA64D6785B01FEE8144A1E5 /* WeeklyEventViews.swift in Sources */ = {isa = PBXBuildFile; fileRef = 60955C1DCA414344FD85AE91 /* WeeklyEventViews.swift */; };
		AEC5B9F55A6FBE483A6F507B /* MetricKitReporter.swift in Sources */ = {isa = PBXBuildFile; fileRef = ED8985306D4952468BB2F52A /* MetricKitReporter.swift */; };
		BA955C0F8779B4AB97F1E7CD /* DesignSystem.swift in Sources */ = {isa = PBXBuildFile; fileRef = 8A89042EB531104FA876E293 /* DesignSystem.swift */; };
		E66206CD06DFBB3BA848C510 /* ProgressionView.swift in Sources */ = {isa = PBXBuildFile; fileRef = 558A47F9FA6805DCB595B6AC /* ProgressionView.swift */; };
		E843E560313C70E8938C9444 /* WeeklyEventManager.swift in Sources */ = {isa = PBXBuildFile; fileRef = 3B6D94CA5A9BC9F218867540 /* WeeklyEventManager.swift */; };
		EE45B88E95247461679DC106 /* AdManager.swift in Sources */ = {isa = PBXBuildFile; fileRef = 9908256FAF5E84C14FE73E4E /* AdManager.swift */; };
		F03E9BBF1E2E565D95DA1968 /* LexisWidgetExtension.appex in Embed Foundation Extensions */ = {isa = PBXBuildFile; fileRef = A36F2ADBC5937F5C5D023B1A /* LexisWidgetExtension.appex */; settings = {ATTRIBUTES = (RemoveHeadersOnCopy, ); }; };
/* End PBXBuildFile section */

/* Begin PBXContainerItemProxy section */
		7A5C6955F8B9E2151D02268C /* PBXContainerItemProxy */ = {
			isa = PBXContainerItemProxy;
			containerPortal = AE525BCF5EA95205F7290D6B /* Project object */;
			proxyType = 1;
			remoteGlobalIDString = FA3607C3FB1C774AD7697C41;
			remoteInfo = LexisWidgetExtension;
		};
/* End PBXContainerItemProxy section */

/* Begin PBXCopyFilesBuildPhase section */
		1AD7B1BFED5034616C1730CA /* Embed Foundation Extensions */ = {
			isa = PBXCopyFilesBuildPhase;
			buildActionMask = 2147483647;
			dstPath = "";
			dstSubfolderSpec = 13;
			files = (
				F03E9BBF1E2E565D95DA1968 /* LexisWidgetExtension.appex in Embed Foundation Extensions */,
			);
			name = "Embed Foundation Extensions";
			runOnlyForDeploymentPostprocessing = 0;
		};
/* End PBXCopyFilesBuildPhase section */

/* Begin PBXFileReference section */
		11D8723C6EBA8B8172AB67D3 /* TileTheme.swift */ = {isa = PBXFileReference; lastKnownFileType = sourcecode.swift; path = TileTheme.swift; sourceTree = "<group>"; };
		3447805539796661F1B3F20A /* LexisWidgetBundle.swift */ = {isa = PBXFileReference; lastKnownFileType = sourcecode.swift; path = LexisWidgetBundle.swift; sourceTree = "<group>"; };
		35C0ABE9427A5200D82F6C97 /* DailyChallengeManager.swift */ = {isa = PBXFileReference; lastKnownFileType = sourcecode.swift; path = DailyChallengeManager.swift; sourceTree = "<group>"; };
		3B17DD68C79088619B3469EB /* DataMigration.swift */ = {isa = PBXFileReference; lastKnownFileType = sourcecode.swift; path = DataMigration.swift; sourceTree = "<group>"; };
		3B6D94CA5A9BC9F218867540 /* WeeklyEventManager.swift */ = {isa = PBXFileReference; lastKnownFileType = sourcecode.swift; path = WeeklyEventManager.swift; sourceTree = "<group>"; };
		4004408499B751AFCEEFF955 /* SoundManager.swift */ = {isa = PBXFileReference; lastKnownFileType = sourcecode.swift; path = SoundManager.swift; sourceTree = "<group>"; };
		4CA2BF68BF21D62FEBD3C7C6 /* LexisApp.swift */ = {isa = PBXFileReference; lastKnownFileType = sourcecode.swift; path = LexisApp.swift; sourceTree = "<group>"; };
		558A47F9FA6805DCB595B6AC /* ProgressionView.swift */ = {isa = PBXFileReference; lastKnownFileType = sourcecode.swift; path = ProgressionView.swift; sourceTree = "<group>"; };
		58CFDE30095075626DBA2E44 /* GameCenterManager.swift */ = {isa = PBXFileReference; lastKnownFileType = sourcecode.swift; path = GameCenterManager.swift; sourceTree = "<group>"; };
		60955C1DCA414344FD85AE91 /* WeeklyEventViews.swift */ = {isa = PBXFileReference; lastKnownFileType = sourcecode.swift; path = WeeklyEventViews.swift; sourceTree = "<group>"; };
		6A3E643DB65640DCA73650FD /* LexisWidget.swift */ = {isa = PBXFileReference; lastKnownFileType = sourcecode.swift; path = LexisWidget.swift; sourceTree = "<group>"; };
		6ABC1D336958A957F66B201E /* CosmeticsStore.swift */ = {isa = PBXFileReference; lastKnownFileType = sourcecode.swift; path = CosmeticsStore.swift; sourceTree = "<group>"; };
		6B7FAF78D3FC31EEC09AF447 /* LaunchScreenView.swift */ = {isa = PBXFileReference; lastKnownFileType = sourcecode.swift; path = LaunchScreenView.swift; sourceTree = "<group>"; };
		7B2B5E54D4027A3170AF93C6 /* NotificationManager.swift */ = {isa = PBXFileReference; lastKnownFileType = sourcecode.swift; path = NotificationManager.swift; sourceTree = "<group>"; };
		8A89042EB531104FA876E293 /* DesignSystem.swift */ = {isa = PBXFileReference; lastKnownFileType = sourcecode.swift; path = DesignSystem.swift; sourceTree = "<group>"; };
		8DEE69FA2CB4882A3BF24C6C /* Progression.swift */ = {isa = PBXFileReference; lastKnownFileType = sourcecode.swift; path = Progression.swift; sourceTree = "<group>"; };
		91BD40CA77F62987EA453C39 /* SettingsView.swift */ = {isa = PBXFileReference; lastKnownFileType = sourcecode.swift; path = SettingsView.swift; sourceTree = "<group>"; };
		95FFF973E8A49431A9DFA7E8 /* LEXIS.entitlements */ = {isa = PBXFileReference; lastKnownFileType = text.plist.entitlements; path = LEXIS.entitlements; sourceTree = "<group>"; };
		9908256FAF5E84C14FE73E4E /* AdManager.swift */ = {isa = PBXFileReference; lastKnownFileType = sourcecode.swift; path = AdManager.swift; sourceTree = "<group>"; };
		9BB923545BDA3934E8D366F7 /* GameView.swift */ = {isa = PBXFileReference; lastKnownFileType = sourcecode.swift; path = GameView.swift; sourceTree = "<group>"; };
		9BCA92EFAF6939161B4B302F /* Analytics.swift */ = {isa = PBXFileReference; lastKnownFileType = sourcecode.swift; path = Analytics.swift; sourceTree = "<group>"; };
		9F4D3A75F55AA5A04332F034 /* LEXIS.app */ = {isa = PBXFileReference; includeInIndex = 0; lastKnownFileType = wrapper.application; path = LEXIS.app; sourceTree = BUILT_PRODUCTS_DIR; };
		A36F2ADBC5937F5C5D023B1A /* LexisWidgetExtension.appex */ = {isa = PBXFileReference; includeInIndex = 0; lastKnownFileType = "wrapper.app-extension"; path = LexisWidgetExtension.appex; sourceTree = BUILT_PRODUCTS_DIR; };
		A41DDE36C3A5E46BA85D5578 /* GameModel.swift */ = {isa = PBXFileReference; lastKnownFileType = sourcecode.swift; path = GameModel.swift; sourceTree = "<group>"; };
		A7E6663358510107CC9386D8 /* lexis_dictionary.txt */ = {isa = PBXFileReference; lastKnownFileType = text; path = lexis_dictionary.txt; sourceTree = "<group>"; };
		C1397824B81287256A25848F /* Assets.xcassets */ = {isa = PBXFileReference; lastKnownFileType = folder.assetcatalog; path = Assets.xcassets; sourceTree = "<group>"; };
		E1F1878280F4907CF1A45767 /* LexisWidget.entitlements */ = {isa = PBXFileReference; lastKnownFileType = text.plist.entitlements; path = LexisWidget.entitlements; sourceTree = "<group>"; };
		E82AC7C4A8D76CFDD66C5560 /* Info.plist */ = {isa = PBXFileReference; lastKnownFileType = text.plist; path = Info.plist; sourceTree = "<group>"; };
		ED8985306D4952468BB2F52A /* MetricKitReporter.swift */ = {isa = PBXFileReference; lastKnownFileType = sourcecode.swift; path = MetricKitReporter.swift; sourceTree = "<group>"; };
/* End PBXFileReference section */

/* Begin PBXGroup section */
		3A9B2FEC0A6DE2CC5BCAF363 /* Resources */ = {
			isa = PBXGroup;
			children = (
				A7E6663358510107CC9386D8 /* lexis_dictionary.txt */,
			);
			path = Resources;
			sourceTree = "<group>";
		};
		461C36543D841D9B096041EF /* LEXIS */ = {
			isa = PBXGroup;
			children = (
				9908256FAF5E84C14FE73E4E /* AdManager.swift */,
				9BCA92EFAF6939161B4B302F /* Analytics.swift */,
				C1397824B81287256A25848F /* Assets.xcassets */,
				6ABC1D336958A957F66B201E /* CosmeticsStore.swift */,
				35C0ABE9427A5200D82F6C97 /* DailyChallengeManager.swift */,
				3B17DD68C79088619B3469EB /* DataMigration.swift */,
				8A89042EB531104FA876E293 /* DesignSystem.swift */,
				58CFDE30095075626DBA2E44 /* GameCenterManager.swift */,
				A41DDE36C3A5E46BA85D5578 /* GameModel.swift */,
				9BB923545BDA3934E8D366F7 /* GameView.swift */,
				6B7FAF78D3FC31EEC09AF447 /* LaunchScreenView.swift */,
				95FFF973E8A49431A9DFA7E8 /* LEXIS.entitlements */,
				4CA2BF68BF21D62FEBD3C7C6 /* LexisApp.swift */,
				ED8985306D4952468BB2F52A /* MetricKitReporter.swift */,
				7B2B5E54D4027A3170AF93C6 /* NotificationManager.swift */,
				8DEE69FA2CB4882A3BF24C6C /* Progression.swift */,
				558A47F9FA6805DCB595B6AC /* ProgressionView.swift */,
				91BD40CA77F62987EA453C39 /* SettingsView.swift */,
				4004408499B751AFCEEFF955 /* SoundManager.swift */,
				11D8723C6EBA8B8172AB67D3 /* TileTheme.swift */,
				3B6D94CA5A9BC9F218867540 /* WeeklyEventManager.swift */,
				60955C1DCA414344FD85AE91 /* WeeklyEventViews.swift */,
				3A9B2FEC0A6DE2CC5BCAF363 /* Resources */,
			);
			path = LEXIS;
			sourceTree = "<group>";
		};
		6D9F17F3CBBD98CC5729FB09 /* LexisWidget */ = {
			isa = PBXGroup;
			children = (
				E82AC7C4A8D76CFDD66C5560 /* Info.plist */,
				E1F1878280F4907CF1A45767 /* LexisWidget.entitlements */,
				6A3E643DB65640DCA73650FD /* LexisWidget.swift */,
				3447805539796661F1B3F20A /* LexisWidgetBundle.swift */,
			);
			path = LexisWidget;
			sourceTree = "<group>";
		};
		914B7B8B36AF0118CD3D574C = {
			isa = PBXGroup;
			children = (
				461C36543D841D9B096041EF /* LEXIS */,
				6D9F17F3CBBD98CC5729FB09 /* LexisWidget */,
				BB0F4BF76CC7973451A67574 /* Products */,
			);
			sourceTree = "<group>";
		};
		BB0F4BF76CC7973451A67574 /* Products */ = {
			isa = PBXGroup;
			children = (
				9F4D3A75F55AA5A04332F034 /* LEXIS.app */,
				A36F2ADBC5937F5C5D023B1A /* LexisWidgetExtension.appex */,
			);
			name = Products;
			sourceTree = "<group>";
		};
/* End PBXGroup section */

/* Begin PBXNativeTarget section */
		07007291E92601CFD06FA905 /* LEXIS */ = {
			isa = PBXNativeTarget;
			buildConfigurationList = 1D6556FEB7CEA28312608458 /* Build configuration list for PBXNativeTarget "LEXIS" */;
			buildPhases = (
				9065D8670A8D73F00C6E2498 /* Sources */,
				34679A7A2A864FE299A8E5E1 /* Resources */,
				1AD7B1BFED5034616C1730CA /* Embed Foundation Extensions */,
			);
			buildRules = (
			);
			dependencies = (
				F36DCF6CAAA8477BF80ADF75 /* PBXTargetDependency */,
			);
			name = LEXIS;
			packageProductDependencies = (
			);
			productName = LEXIS;
			productReference = 9F4D3A75F55AA5A04332F034 /* LEXIS.app */;
			productType = "com.apple.product-type.application";
		};
		FA3607C3FB1C774AD7697C41 /* LexisWidgetExtension */ = {
			isa = PBXNativeTarget;
			buildConfigurationList = C60D8B529D0D59AE6D348C85 /* Build configuration list for PBXNativeTarget "LexisWidgetExtension" */;
			buildPhases = (
				5AAA690FA003A688CDBE599C /* Sources */,
			);
			buildRules = (
			);
			dependencies = (
			);
			name = LexisWidgetExtension;
			packageProductDependencies = (
			);
			productName = LexisWidgetExtension;
			productReference = A36F2ADBC5937F5C5D023B1A /* LexisWidgetExtension.appex */;
			productType = "com.apple.product-type.app-extension";
		};
/* End PBXNativeTarget section */

/* Begin PBXProject section */
		AE525BCF5EA95205F7290D6B /* Project object */ = {
			isa = PBXProject;
			attributes = {
				BuildIndependentTargetsInParallel = YES;
				LastUpgradeCheck = 1430;
				TargetAttributes = {
					07007291E92601CFD06FA905 = {
						DevelopmentTeam = L9SAXP2E2W;
						ProvisioningStyle = Automatic;
					};
					FA3607C3FB1C774AD7697C41 = {
						DevelopmentTeam = L9SAXP2E2W;
						ProvisioningStyle = Automatic;
					};
				};
			};
			buildConfigurationList = 30FA2A8857C34161E758E99C /* Build configuration list for PBXProject "LEXIS" */;
			developmentRegion = en;
			hasScannedForEncodings = 0;
			knownRegions = (
				Base,
				en,
			);
			mainGroup = 914B7B8B36AF0118CD3D574C;
			minimizedProjectReferenceProxies = 1;
			preferredProjectObjectVersion = 77;
			productRefGroup = BB0F4BF76CC7973451A67574 /* Products */;
			projectDirPath = "";
			projectRoot = "";
			targets = (
				07007291E92601CFD06FA905 /* LEXIS */,
				FA3607C3FB1C774AD7697C41 /* LexisWidgetExtension */,
			);
		};
/* End PBXProject section */

/* Begin PBXResourcesBuildPhase section */
		34679A7A2A864FE299A8E5E1 /* Resources */ = {
			isa = PBXResourcesBuildPhase;
			buildActionMask = 2147483647;
			files = (
				9D504596787970F1993B9EB9 /* Assets.xcassets in Resources */,
				AA63142E2878FE3249667222 /* lexis_dictionary.txt in Resources */,
			);
			runOnlyForDeploymentPostprocessing = 0;
		};
/* End PBXResourcesBuildPhase section */

/* Begin PBXSourcesBuildPhase section */
		5AAA690FA003A688CDBE599C /* Sources */ = {
			isa = PBXSourcesBuildPhase;
			buildActionMask = 2147483647;
			files = (
				81C4F39B56615A5FC9476A29 /* LexisWidget.swift in Sources */,
				69EF15952BB6BD740E3D891F /* LexisWidgetBundle.swift in Sources */,
			);
			runOnlyForDeploymentPostprocessing = 0;
		};
		9065D8670A8D73F00C6E2498 /* Sources */ = {
			isa = PBXSourcesBuildPhase;
			buildActionMask = 2147483647;
			files = (
				EE45B88E95247461679DC106 /* AdManager.swift in Sources */,
				58E8A642B2F1780A790EE1DE /* Analytics.swift in Sources */,
				0812DFB0A2BF5713E4152A70 /* CosmeticsStore.swift in Sources */,
				A25D96B0B34FD628BED9BACE /* DailyChallengeManager.swift in Sources */,
				3874283E9BF9188B2B46A617 /* DataMigration.swift in Sources */,
				BA955C0F8779B4AB97F1E7CD /* DesignSystem.swift in Sources */,
				5B18D208B632B208AE066CA8 /* GameCenterManager.swift in Sources */,
				22495C03B7E9D57792FC2659 /* GameModel.swift in Sources */,
				A4B7F5F01DFF8A232E4C5EE1 /* GameView.swift in Sources */,
				4B496A09586755DD481D6B26 /* LaunchScreenView.swift in Sources */,
				70CAE3FDE04E34330C8ED776 /* LexisApp.swift in Sources */,
				AEC5B9F55A6FBE483A6F507B /* MetricKitReporter.swift in Sources */,
				2463C17FE7820119872350D6 /* NotificationManager.swift in Sources */,
				3EBAA50613F7CA25FCFC132B /* Progression.swift in Sources */,
				E66206CD06DFBB3BA848C510 /* ProgressionView.swift in Sources */,
				9B6B869A9BB3C359D5F9DCF4 /* SettingsView.swift in Sources */,
				1C03E066B2D47F5763AC7AAF /* SoundManager.swift in Sources */,
				55BF02CB5B5582E9AFD5E6AA /* TileTheme.swift in Sources */,
				E843E560313C70E8938C9444 /* WeeklyEventManager.swift in Sources */,
				AAA64D6785B01FEE8144A1E5 /* WeeklyEventViews.swift in Sources */,
			);
			runOnlyForDeploymentPostprocessing = 0;
		};
/* End PBXSourcesBuildPhase section */

/* Begin PBXTargetDependency section */
		F36DCF6CAAA8477BF80ADF75 /* PBXTargetDependency */ = {
			isa = PBXTargetDependency;
			target = FA3607C3FB1C774AD7697C41 /* LexisWidgetExtension */;
			targetProxy = 7A5C6955F8B9E2151D02268C /* PBXContainerItemProxy */;
		};
/* End PBXTargetDependency section */

/* Begin XCBuildConfiguration section */
		066D435E558CE7D1FF1D764F /* Debug */ = {
			isa = XCBuildConfiguration;
			buildSettings = {
				ASSETCATALOG_COMPILER_APPICON_NAME = AppIcon;
				CODE_SIGN_ENTITLEMENTS = LEXIS/LEXIS.entitlements;
				CODE_SIGN_IDENTITY = "iPhone Developer";
				CODE_SIGN_STYLE = Automatic;
				CURRENT_PROJECT_VERSION = 1;
				DEVELOPMENT_TEAM = L9SAXP2E2W;
				GENERATE_INFOPLIST_FILE = YES;
				INFOPLIST_KEY_CFBundleDisplayName = LEXIS;
				INFOPLIST_KEY_ITSAppUsesNonExemptEncryption = NO;
				INFOPLIST_KEY_UIApplicationSceneManifest_Generation = YES;
				INFOPLIST_KEY_UILaunchScreen_Generation = YES;
				INFOPLIST_KEY_UIRequiresFullScreen = YES;
				INFOPLIST_KEY_UISupportedInterfaceOrientations = UIInterfaceOrientationPortrait;
				"INFOPLIST_KEY_UISupportedInterfaceOrientations~ipad" = UIInterfaceOrientationPortrait;
				IPHONEOS_DEPLOYMENT_TARGET = 17.0;
				LD_RUNPATH_SEARCH_PATHS = (
					"$(inherited)",
					"@executable_path/Frameworks",
				);
				MARKETING_VERSION = 2.0;
				PRODUCT_BUNDLE_IDENTIFIER = com.daviddefranceski.lexis;
				SDKROOT = iphoneos;
				SWIFT_VERSION = 5.0;
				TARGETED_DEVICE_FAMILY = "1,2";
			};
			name = Debug;
		};
		073EB2B5B8063DEE2E91E6B9 /* Release */ = {
			isa = XCBuildConfiguration;
			buildSettings = {
				ASSETCATALOG_COMPILER_APPICON_NAME = AppIcon;
				CODE_SIGN_ENTITLEMENTS = LEXIS/LEXIS.entitlements;
				CODE_SIGN_IDENTITY = "iPhone Developer";
				CODE_SIGN_STYLE = Automatic;
				CURRENT_PROJECT_VERSION = 1;
				DEVELOPMENT_TEAM = L9SAXP2E2W;
				GENERATE_INFOPLIST_FILE = YES;
				INFOPLIST_KEY_CFBundleDisplayName = LEXIS;
				INFOPLIST_KEY_ITSAppUsesNonExemptEncryption = NO;
				INFOPLIST_KEY_UIApplicationSceneManifest_Generation = YES;
				INFOPLIST_KEY_UILaunchScreen_Generation = YES;
				INFOPLIST_KEY_UIRequiresFullScreen = YES;
				INFOPLIST_KEY_UISupportedInterfaceOrientations = UIInterfaceOrientationPortrait;
				"INFOPLIST_KEY_UISupportedInterfaceOrientations~ipad" = UIInterfaceOrientationPortrait;
				IPHONEOS_DEPLOYMENT_TARGET = 17.0;
				LD_RUNPATH_SEARCH_PATHS = (
					"$(inherited)",
					"@executable_path/Frameworks",
				);
				MARKETING_VERSION = 2.0;
				PRODUCT_BUNDLE_IDENTIFIER = com.daviddefranceski.lexis;
				SDKROOT = iphoneos;
				SWIFT_VERSION = 5.0;
				TARGETED_DEVICE_FAMILY = "1,2";
			};
			name = Release;
		};
		6D1E0CDF3CD82F560294AB88 /* Debug */ = {
			isa = XCBuildConfiguration;
			buildSettings = {
				CODE_SIGN_ENTITLEMENTS = LexisWidget/LexisWidget.entitlements;
				CODE_SIGN_STYLE = Automatic;
				CURRENT_PROJECT_VERSION = 1;
				DEVELOPMENT_TEAM = L9SAXP2E2W;
				GENERATE_INFOPLIST_FILE = NO;
				INFOPLIST_FILE = LexisWidget/Info.plist;
				IPHONEOS_DEPLOYMENT_TARGET = 17.0;
				LD_RUNPATH_SEARCH_PATHS = (
					"$(inherited)",
					"@executable_path/Frameworks",
					"@executable_path/../../Frameworks",
				);
				MARKETING_VERSION = 2.0;
				PRODUCT_BUNDLE_IDENTIFIER = com.daviddefranceski.lexis.widget;
				SDKROOT = iphoneos;
				SKIP_INSTALL = YES;
				SWIFT_VERSION = 5.0;
				TARGETED_DEVICE_FAMILY = "1,2";
			};
			name = Debug;
		};
		A8B3A5B67B12F0CB47BF18DA /* Debug */ = {
			isa = XCBuildConfiguration;
			buildSettings = {
				ALWAYS_SEARCH_USER_PATHS = NO;
				CLANG_ANALYZER_NONNULL = YES;
				CLANG_ANALYZER_NUMBER_OBJECT_CONVERSION = YES_AGGRESSIVE;
				CLANG_CXX_LANGUAGE_STANDARD = "gnu++14";
				CLANG_CXX_LIBRARY = "libc++";
				CLANG_ENABLE_MODULES = YES;
				CLANG_ENABLE_OBJC_ARC = YES;
				CLANG_ENABLE_OBJC_WEAK = YES;
				CLANG_WARN_BLOCK_CAPTURE_AUTORELEASING = YES;
				CLANG_WARN_BOOL_CONVERSION = YES;
				CLANG_WARN_COMMA = YES;
				CLANG_WARN_CONSTANT_CONVERSION = YES;
				CLANG_WARN_DEPRECATED_OBJC_IMPLEMENTATIONS = YES;
				CLANG_WARN_DIRECT_OBJC_ISA_USAGE = YES_ERROR;
				CLANG_WARN_DOCUMENTATION_COMMENTS = YES;
				CLANG_WARN_EMPTY_BODY = YES;
				CLANG_WARN_ENUM_CONVERSION = YES;
				CLANG_WARN_INFINITE_RECURSION = YES;
				CLANG_WARN_INT_CONVERSION = YES;
				CLANG_WARN_NON_LITERAL_NULL_CONVERSION = YES;
				CLANG_WARN_OBJC_IMPLICIT_RETAIN_SELF = YES;
				CLANG_WARN_OBJC_LITERAL_CONVERSION = YES;
				CLANG_WARN_OBJC_ROOT_CLASS = YES_ERROR;
				CLANG_WARN_QUOTED_INCLUDE_IN_FRAMEWORK_HEADER = YES;
				CLANG_WARN_RANGE_LOOP_ANALYSIS = YES;
				CLANG_WARN_STRICT_PROTOTYPES = YES;
				CLANG_WARN_SUSPICIOUS_MOVE = YES;
				CLANG_WARN_UNGUARDED_AVAILABILITY = YES_AGGRESSIVE;
				CLANG_WARN_UNREACHABLE_CODE = YES;
				CLANG_WARN__DUPLICATE_METHOD_MATCH = YES;
				COPY_PHASE_STRIP = NO;
				DEBUG_INFORMATION_FORMAT = dwarf;
				ENABLE_STRICT_OBJC_MSGSEND = YES;
				ENABLE_TESTABILITY = YES;
				GCC_C_LANGUAGE_STANDARD = gnu11;
				GCC_DYNAMIC_NO_PIC = NO;
				GCC_NO_COMMON_BLOCKS = YES;
				GCC_OPTIMIZATION_LEVEL = 0;
				GCC_PREPROCESSOR_DEFINITIONS = (
					"$(inherited)",
					"DEBUG=1",
				);
				GCC_WARN_64_TO_32_BIT_CONVERSION = YES;
				GCC_WARN_ABOUT_RETURN_TYPE = YES_ERROR;
				GCC_WARN_UNDECLARED_SELECTOR = YES;
				GCC_WARN_UNINITIALIZED_AUTOS = YES_AGGRESSIVE;
				GCC_WARN_UNUSED_FUNCTION = YES;
				GCC_WARN_UNUSED_VARIABLE = YES;
				IPHONEOS_DEPLOYMENT_TARGET = 17.0;
				MTL_ENABLE_DEBUG_INFO = INCLUDE_SOURCE;
				MTL_FAST_MATH = YES;
				ONLY_ACTIVE_ARCH = YES;
				PRODUCT_NAME = "$(TARGET_NAME)";
				SDKROOT = iphoneos;
				SWIFT_ACTIVE_COMPILATION_CONDITIONS = DEBUG;
				SWIFT_OPTIMIZATION_LEVEL = "-Onone";
				SWIFT_VERSION = 5.0;
			};
			name = Debug;
		};
		CAB23BC4F763E06D877ABE09 /* Release */ = {
			isa = XCBuildConfiguration;
			buildSettings = {
				CODE_SIGN_ENTITLEMENTS = LexisWidget/LexisWidget.entitlements;
				CODE_SIGN_STYLE = Automatic;
				CURRENT_PROJECT_VERSION = 1;
				DEVELOPMENT_TEAM = L9SAXP2E2W;
				GENERATE_INFOPLIST_FILE = NO;
				INFOPLIST_FILE = LexisWidget/Info.plist;
				IPHONEOS_DEPLOYMENT_TARGET = 17.0;
				LD_RUNPATH_SEARCH_PATHS = (
					"$(inherited)",
					"@executable_path/Frameworks",
					"@executable_path/../../Frameworks",
				);
				MARKETING_VERSION = 2.0;
				PRODUCT_BUNDLE_IDENTIFIER = com.daviddefranceski.lexis.widget;
				SDKROOT = iphoneos;
				SKIP_INSTALL = YES;
				SWIFT_VERSION = 5.0;
				TARGETED_DEVICE_FAMILY = "1,2";
			};
			name = Release;
		};
		DBE25386F2DA4117748C8788 /* Release */ = {
			isa = XCBuildConfiguration;
			buildSettings = {
				ALWAYS_SEARCH_USER_PATHS = NO;
				CLANG_ANALYZER_NONNULL = YES;
				CLANG_ANALYZER_NUMBER_OBJECT_CONVERSION = YES_AGGRESSIVE;
				CLANG_CXX_LANGUAGE_STANDARD = "gnu++14";
				CLANG_CXX_LIBRARY = "libc++";
				CLANG_ENABLE_MODULES = YES;
				CLANG_ENABLE_OBJC_ARC = YES;
				CLANG_ENABLE_OBJC_WEAK = YES;
				CLANG_WARN_BLOCK_CAPTURE_AUTORELEASING = YES;
				CLANG_WARN_BOOL_CONVERSION = YES;
				CLANG_WARN_COMMA = YES;
				CLANG_WARN_CONSTANT_CONVERSION = YES;
				CLANG_WARN_DEPRECATED_OBJC_IMPLEMENTATIONS = YES;
				CLANG_WARN_DIRECT_OBJC_ISA_USAGE = YES_ERROR;
				CLANG_WARN_DOCUMENTATION_COMMENTS = YES;
				CLANG_WARN_EMPTY_BODY = YES;
				CLANG_WARN_ENUM_CONVERSION = YES;
				CLANG_WARN_INFINITE_RECURSION = YES;
				CLANG_WARN_INT_CONVERSION = YES;
				CLANG_WARN_NON_LITERAL_NULL_CONVERSION = YES;
				CLANG_WARN_OBJC_IMPLICIT_RETAIN_SELF = YES;
				CLANG_WARN_OBJC_LITERAL_CONVERSION = YES;
				CLANG_WARN_OBJC_ROOT_CLASS = YES_ERROR;
				CLANG_WARN_QUOTED_INCLUDE_IN_FRAMEWORK_HEADER = YES;
				CLANG_WARN_RANGE_LOOP_ANALYSIS = YES;
				CLANG_WARN_STRICT_PROTOTYPES = YES;
				CLANG_WARN_SUSPICIOUS_MOVE = YES;
				CLANG_WARN_UNGUARDED_AVAILABILITY = YES_AGGRESSIVE;
				CLANG_WARN_UNREACHABLE_CODE = YES;
				CLANG_WARN__DUPLICATE_METHOD_MATCH = YES;
				COPY_PHASE_STRIP = NO;
				DEBUG_INFORMATION_FORMAT = "dwarf-with-dsym";
				ENABLE_NS_ASSERTIONS = NO;
				ENABLE_STRICT_OBJC_MSGSEND = YES;
				GCC_C_LANGUAGE_STANDARD = gnu11;
				GCC_NO_COMMON_BLOCKS = YES;
				GCC_WARN_64_TO_32_BIT_CONVERSION = YES;
				GCC_WARN_ABOUT_RETURN_TYPE = YES_ERROR;
				GCC_WARN_UNDECLARED_SELECTOR = YES;
				GCC_WARN_UNINITIALIZED_AUTOS = YES_AGGRESSIVE;
				GCC_WARN_UNUSED_FUNCTION = YES;
				GCC_WARN_UNUSED_VARIABLE = YES;
				IPHONEOS_DEPLOYMENT_TARGET = 17.0;
				MTL_ENABLE_DEBUG_INFO = NO;
				MTL_FAST_MATH = YES;
				PRODUCT_NAME = "$(TARGET_NAME)";
				SDKROOT = iphoneos;
				SWIFT_COMPILATION_MODE = wholemodule;
				SWIFT_OPTIMIZATION_LEVEL = "-O";
				SWIFT_VERSION = 5.0;
			};
			name = Release;
		};
/* End XCBuildConfiguration section */

/* Begin XCConfigurationList section */
		1D6556FEB7CEA28312608458 /* Build configuration list for PBXNativeTarget "LEXIS" */ = {
			isa = XCConfigurationList;
			buildConfigurations = (
				066D435E558CE7D1FF1D764F /* Debug */,
				073EB2B5B8063DEE2E91E6B9 /* Release */,
			);
			defaultConfigurationIsVisible = 0;
			defaultConfigurationName = Debug;
		};
		30FA2A8857C34161E758E99C /* Build configuration list for PBXProject "LEXIS" */ = {
			isa = XCConfigurationList;
			buildConfigurations = (
				A8B3A5B67B12F0CB47BF18DA /* Debug */,
				DBE25386F2DA4117748C8788 /* Release */,
			);
			defaultConfigurationIsVisible = 0;
			defaultConfigurationName = Debug;
		};
		C60D8B529D0D59AE6D348C85 /* Build configuration list for PBXNativeTarget "LexisWidgetExtension" */ = {
			isa = XCConfigurationList;
			buildConfigurations = (
				6D1E0CDF3CD82F560294AB88 /* Debug */,
				CAB23BC4F763E06D877ABE09 /* Release */,
			);
			defaultConfigurationIsVisible = 0;
			defaultConfigurationName = Debug;
		};
/* End XCConfigurationList section */
	};
	rootObject = AE525BCF5EA95205F7290D6B /* Project object */;
}
